
Microsoft Visual Studio Solution File, Format Version 12.00
# Visual Studio Version 16
VisualStudioVersion = 16.0.30011.22
MinimumVisualStudioVersion = 10.0.40219.1
Project("{9A19103F-16F7-4668-BE54-9A1E7A4F7556}") = "ArgentPonyWarcraftClient", "src\ArgentPonyWarcraftClient\ArgentPonyWarcraftClient.csproj", "{D21465F9-6D0F-421A-978E-E3FAF05EB41A}"
EndProject
Project("{9A19103F-16F7-4668-BE54-9A1E7A4F7556}") = "ArgentPonyWarcraftClient.Tests", "tests\ArgentPonyWarcraftClient.Tests\ArgentPonyWarcraftClient.Tests.csproj", "{C97A9D75-36AC-4E07-8597-D33485BEE46F}"
EndProject
Project("{2150E333-8FDC-42A3-9474-1A3956D46DE8}") = "src", "src", "{9BBC9F4C-0E04-4D3F-B24D-2A0D3CE2E67B}"
EndProject
Project("{2150E333-8FDC-42A3-9474-1A3956D46DE8}") = "tests", "tests", "{BED6344B-B8DB-457B-8106-E8CEF5F42570}"
EndProject
Project("{9A19103F-16F7-4668-BE54-9A1E7A4F7556}") = "ArgentPonyWarcraftClient.Extensions.DependencyInjection", "src\ArgentPonyWarcraftClient.Extensions.DependencyInjection\ArgentPonyWarcraftClient.Extensions.DependencyInjection.csproj", "{95EFCE5F-F1A4-49CF-874E-0B7682A8FB3C}"
EndProject
Project("{9A19103F-16F7-4668-BE54-9A1E7A4F7556}") = "ArgentPonyWarcraftClient.Extensions.DependencyInjection.Tests", "tests\ArgentPonyWarcraftClient.Extensions.DependencyInjection.Tests\ArgentPonyWarcraftClient.Extensions.DependencyInjection.Tests.csproj", "{B39A9AB0-E23F-499C-A6A9-6CA563EB1BD8}"
EndProject
Project("{9A19103F-16F7-4668-BE54-9A1E7A4F7556}") = "ArgentPonyWarcraftClient.Integration.Tests", "tests\ArgentPonyWarcraftClient.Integration.Tests\ArgentPonyWarcraftClient.Integration.Tests.csproj", "{2BFC549E-D7A0-47FC-AFD2-50E48EB5BF06}"
EndProject
Project("{9A19103F-16F7-4668-BE54-9A1E7A4F7556}") = "ArgentPonyWarcraftClient.Tests.Assertions", "tests\ArgentPonyWarcraftClient.Tests.Assertions\ArgentPonyWarcraftClient.Tests.Assertions.csproj", "{3E7ECD80-040D-4BD8-AF1F-3430CA645622}"
EndProject
Global
	GlobalSection(SolutionConfigurationPlatforms) = preSolution
		Debug|Any CPU = Debug|Any CPU
		Release|Any CPU = Release|Any CPU
	EndGlobalSection
	GlobalSection(ProjectConfigurationPlatforms) = postSolution
		{D21465F9-6D0F-421A-978E-E3FAF05EB41A}.Debug|Any CPU.ActiveCfg = Debug|Any CPU
		{D21465F9-6D0F-421A-978E-E3FAF05EB41A}.Debug|Any CPU.Build.0 = Debug|Any CPU
		{D21465F9-6D0F-421A-978E-E3FAF05EB41A}.Release|Any CPU.ActiveCfg = Release|Any CPU
		{D21465F9-6D0F-421A-978E-E3FAF05EB41A}.Release|Any CPU.Build.0 = Release|Any CPU
		{C97A9D75-36AC-4E07-8597-D33485BEE46F}.Debug|Any CPU.ActiveCfg = Debug|Any CPU
		{C97A9D75-36AC-4E07-8597-D33485BEE46F}.Debug|Any CPU.Build.0 = Debug|Any CPU
		{C97A9D75-36AC-4E07-8597-D33485BEE46F}.Release|Any CPU.ActiveCfg = Release|Any CPU
		{C97A9D75-36AC-4E07-8597-D33485BEE46F}.Release|Any CPU.Build.0 = Release|Any CPU
		{95EFCE5F-F1A4-49CF-874E-0B7682A8FB3C}.Debug|Any CPU.ActiveCfg = Debug|Any CPU
		{95EFCE5F-F1A4-49CF-874E-0B7682A8FB3C}.Debug|Any CPU.Build.0 = Debug|Any CPU
		{95EFCE5F-F1A4-49CF-874E-0B7682A8FB3C}.Release|Any CPU.ActiveCfg = Release|Any CPU
		{95EFCE5F-F1A4-49CF-874E-0B7682A8FB3C}.Release|Any CPU.Build.0 = Release|Any CPU
		{B39A9AB0-E23F-499C-A6A9-6CA563EB1BD8}.Debug|Any CPU.ActiveCfg = Debug|Any CPU
		{B39A9AB0-E23F-499C-A6A9-6CA563EB1BD8}.Debug|Any CPU.Build.0 = Debug|Any CPU
		{B39A9AB0-E23F-499C-A6A9-6CA563EB1BD8}.Release|Any CPU.ActiveCfg = Release|Any CPU
		{B39A9AB0-E23F-499C-A6A9-6CA563EB1BD8}.Release|Any CPU.Build.0 = Release|Any CPU
		{2BFC549E-D7A0-47FC-AFD2-50E48EB5BF06}.Debug|Any CPU.ActiveCfg = Debug|Any CPU
		{2BFC549E-D7A0-47FC-AFD2-50E48EB5BF06}.Debug|Any CPU.Build.0 = Debug|Any CPU
		{2BFC549E-D7A0-47FC-AFD2-50E48EB5BF06}.Release|Any CPU.ActiveCfg = Release|Any CPU
		{2BFC549E-D7A0-47FC-AFD2-50E48EB5BF06}.Release|Any CPU.Build.0 = Release|Any CPU
		{3E7ECD80-040D-4BD8-AF1F-3430CA645622}.Debug|Any CPU.ActiveCfg = Debug|Any CPU
		{3E7ECD80-040D-4BD8-AF1F-3430CA645622}.Debug|Any CPU.Build.0 = Debug|Any CPU
		{3E7ECD80-040D-4BD8-AF1F-3430CA645622}.Release|Any CPU.ActiveCfg = Release|Any CPU
		{3E7ECD80-040D-4BD8-AF1F-3430CA645622}.Release|Any CPU.Build.0 = Release|Any CPU
	EndGlobalSection
	GlobalSection(SolutionProperties) = preSolution
		HideSolutionNode = FALSE
	EndGlobalSection
	GlobalSection(NestedProjects) = preSolution
		{D21465F9-6D0F-421A-978E-E3FAF05EB41A} = {9BBC9F4C-0E04-4D3F-B24D-2A0D3CE2E67B}
		{C97A9D75-36AC-4E07-8597-D33485BEE46F} = {BED6344B-B8DB-457B-8106-E8CEF5F42570}
		{95EFCE5F-F1A4-49CF-874E-0B7682A8FB3C} = {9BBC9F4C-0E04-4D3F-B24D-2A0D3CE2E67B}
		{B39A9AB0-E23F-499C-A6A9-6CA563EB1BD8} = {BED6344B-B8DB-457B-8106-E8CEF5F42570}
		{2BFC549E-D7A0-47FC-AFD2-50E48EB5BF06} = {BED6344B-B8DB-457B-8106-E8CEF5F42570}
		{3E7ECD80-040D-4BD8-AF1F-3430CA645622} = {BED6344B-B8DB-457B-8106-E8CEF5F42570}
	EndGlobalSection
	GlobalSection(ExtensibilityGlobals) = postSolution
		SolutionGuid = {4EC68E72-8DE7-4206-88FC-9BF142973C0F}
	EndGlobalSection
EndGlobal
